
Microsoft Visual Studio Solution File, Format Version 12.00
# Visual Studio Version 17
VisualStudioVersion = 17.5.33424.131
MinimumVisualStudioVersion = 10.0.40219.1
Project("{9A19103F-16F7-4668-BE54-9A1E7A4F7556}") = "MyFirstApp", "MyFirstApp\MyFirstApp.csproj", "{87479EC9-1DF1-4791-83DE-80E0D6261242}"
EndProject
Project("{9A19103F-16F7-4668-BE54-9A1E7A4F7556}") = "MiddleWare Examples", "MiddleWare Examples\MiddleWare Examples.csproj", "{10028536-0179-43A2-A616-3B8005237711}"
EndProject
Project("{9A19103F-16F7-4668-BE54-9A1E7A4F7556}") = "DIExample", "DIExample\DIExample.csproj", "{216E9AC8-EAFF-4926-8155-F44305D6D299}"
EndProject
Project("{2150E333-8FDC-42A3-9474-1A3956D46DE8}") = "Dependency Injection", "Dependency Injection", "{FD4C6FD6-7552-460E-81F6-6B62CDD02266}"
EndProject
Project("{2150E333-8FDC-42A3-9474-1A3956D46DE8}") = "Middlewares", "Middlewares", "{01FDE4BA-61C8-49F2-B2C3-C3BE71A3E2B0}"
EndProject
Project("{2150E333-8FDC-42A3-9474-1A3956D46DE8}") = "Basic App", "Basic App", "{3B3EC86F-B93A-49FC-9959-7B1D4BCC9D02}"
EndProject
Project("{9A19103F-16F7-4668-BE54-9A1E7A4F7556}") = "Services", "Services\Services.csproj", "{B72A311E-A958-4F69-8B6A-1A12032E9D8D}"
EndProject
Project("{FAE04EC0-301F-11D3-BF4B-00C04F79EFBC}") = "ServiceContracts", "ServiceContracts\ServiceContracts.csproj", "{E6A3CB05-1B7B-4637-BC29-4EF49B588863}"
EndProject
Project("{2150E333-8FDC-42A3-9474-1A3956D46DE8}") = "Weather App Dependency Injection Lab", "Weather App Dependency Injection Lab", "{035B646D-5ED7-4B90-944C-5B442840D49D}"
EndProject
Project("{FAE04EC0-301F-11D3-BF4B-00C04F79EFBC}") = "WeatherApp", "WeatherApp\WeatherApp.csproj", "{145424F9-0FE5-431D-A10C-9B60C63EF2B4}"
EndProject
Project("{FAE04EC0-301F-11D3-BF4B-00C04F79EFBC}") = "ConfigurationExample", "ConfigurationExample\ConfigurationExample.csproj", "{E06CA1F7-F4FF-40FA-8AA7-2234716649EA}"
EndProject
Project("{FAE04EC0-301F-11D3-BF4B-00C04F79EFBC}") = "JWT Token Test", "JWT Token Test\JWT Token Test.csproj", "{090C8C7B-555A-4ADB-AB13-F5BA706A3265}"
EndProject
Global
	GlobalSection(SolutionConfigurationPlatforms) = preSolution
		Debug|Any CPU = Debug|Any CPU
		Release|Any CPU = Release|Any CPU
	EndGlobalSection
	GlobalSection(ProjectConfigurationPlatforms) = postSolution
		{87479EC9-1DF1-4791-83DE-80E0D6261242}.Debug|Any CPU.ActiveCfg = Debug|Any CPU
		{87479EC9-1DF1-4791-83DE-80E0D6261242}.Debug|Any CPU.Build.0 = Debug|Any CPU
		{87479EC9-1DF1-4791-83DE-80E0D6261242}.Release|Any CPU.ActiveCfg = Release|Any CPU
		{87479EC9-1DF1-4791-83DE-80E0D6261242}.Release|Any CPU.Build.0 = Release|Any CPU
		{10028536-0179-43A2-A616-3B8005237711}.Debug|Any CPU.ActiveCfg = Debug|Any CPU
		{10028536-0179-43A2-A616-3B8005237711}.Debug|Any CPU.Build.0 = Debug|Any CPU
		{10028536-0179-43A2-A616-3B8005237711}.Release|Any CPU.ActiveCfg = Release|Any CPU
		{10028536-0179-43A2-A616-3B8005237711}.Release|Any CPU.Build.0 = Release|Any CPU
		{216E9AC8-EAFF-4926-8155-F44305D6D299}.Debug|Any CPU.ActiveCfg = Debug|Any CPU
		{216E9AC8-EAFF-4926-8155-F44305D6D299}.Debug|Any CPU.Build.0 = Debug|Any CPU
		{216E9AC8-EAFF-4926-8155-F44305D6D299}.Release|Any CPU.ActiveCfg = Release|Any CPU
		{216E9AC8-EAFF-4926-8155-F44305D6D299}.Release|Any CPU.Build.0 = Release|Any CPU
		{B72A311E-A958-4F69-8B6A-1A12032E9D8D}.Debug|Any CPU.ActiveCfg = Debug|Any CPU
		{B72A311E-A958-4F69-8B6A-1A12032E9D8D}.Debug|Any CPU.Build.0 = Debug|Any CPU
		{B72A311E-A958-4F69-8B6A-1A12032E9D8D}.Release|Any CPU.ActiveCfg = Release|Any CPU
		{B72A311E-A958-4F69-8B6A-1A12032E9D8D}.Release|Any CPU.Build.0 = Release|Any CPU
		{E6A3CB05-1B7B-4637-BC29-4EF49B588863}.Debug|Any CPU.ActiveCfg = Debug|Any CPU
		{E6A3CB05-1B7B-4637-BC29-4EF49B588863}.Debug|Any CPU.Build.0 = Debug|Any CPU
		{E6A3CB05-1B7B-4637-BC29-4EF49B588863}.Release|Any CPU.ActiveCfg = Release|Any CPU
		{E6A3CB05-1B7B-4637-BC29-4EF49B588863}.Release|Any CPU.Build.0 = Release|Any CPU
		{145424F9-0FE5-431D-A10C-9B60C63EF2B4}.Debug|Any CPU.ActiveCfg = Debug|Any CPU
		{145424F9-0FE5-431D-A10C-9B60C63EF2B4}.Debug|Any CPU.Build.0 = Debug|Any CPU
		{145424F9-0FE5-431D-A10C-9B60C63EF2B4}.Release|Any CPU.ActiveCfg = Release|Any CPU
		{145424F9-0FE5-431D-A10C-9B60C63EF2B4}.Release|Any CPU.Build.0 = Release|Any CPU
		{E06CA1F7-F4FF-40FA-8AA7-2234716649EA}.Debug|Any CPU.ActiveCfg = Debug|Any CPU
		{E06CA1F7-F4FF-40FA-8AA7-2234716649EA}.Debug|Any CPU.Build.0 = Debug|Any CPU
		{E06CA1F7-F4FF-40FA-8AA7-2234716649EA}.Release|Any CPU.ActiveCfg = Release|Any CPU
		{E06CA1F7-F4FF-40FA-8AA7-2234716649EA}.Release|Any CPU.Build.0 = Release|Any CPU
		{090C8C7B-555A-4ADB-AB13-F5BA706A3265}.Debug|Any CPU.ActiveCfg = Debug|Any CPU
		{090C8C7B-555A-4ADB-AB13-F5BA706A3265}.Debug|Any CPU.Build.0 = Debug|Any CPU
		{090C8C7B-555A-4ADB-AB13-F5BA706A3265}.Release|Any CPU.ActiveCfg = Release|Any CPU
		{090C8C7B-555A-4ADB-AB13-F5BA706A3265}.Release|Any CPU.Build.0 = Release|Any CPU
	EndGlobalSection
	GlobalSection(SolutionProperties) = preSolution
		HideSolutionNode = FALSE
	EndGlobalSection
	GlobalSection(NestedProjects) = preSolution
		{87479EC9-1DF1-4791-83DE-80E0D6261242} = {3B3EC86F-B93A-49FC-9959-7B1D4BCC9D02}
		{10028536-0179-43A2-A616-3B8005237711} = {01FDE4BA-61C8-49F2-B2C3-C3BE71A3E2B0}
		{216E9AC8-EAFF-4926-8155-F44305D6D299} = {FD4C6FD6-7552-460E-81F6-6B62CDD02266}
		{B72A311E-A958-4F69-8B6A-1A12032E9D8D} = {FD4C6FD6-7552-460E-81F6-6B62CDD02266}
		{E6A3CB05-1B7B-4637-BC29-4EF49B588863} = {FD4C6FD6-7552-460E-81F6-6B62CDD02266}
		{145424F9-0FE5-431D-A10C-9B60C63EF2B4} = {035B646D-5ED7-4B90-944C-5B442840D49D}
	EndGlobalSection
	GlobalSection(ExtensibilityGlobals) = postSolution
		SolutionGuid = {CD961B3C-5A75-4403-866B-EA204C4CB339}
	EndGlobalSection
EndGlobal
