
Microsoft Visual Studio Solution File, Format Version 12.00
# Visual Studio Version 17
VisualStudioVersion = 17.5.33424.131
MinimumVisualStudioVersion = 10.0.40219.1
Project("{FAE04EC0-301F-11D3-BF4B-00C04F79EFBC}") = "MyFirstApp", "MyFirstApp\MyFirstApp.csproj", "{87479EC9-1DF1-4791-83DE-80E0D6261242}"
EndProject
Project("{FAE04EC0-301F-11D3-BF4B-00C04F79EFBC}") = "MiddleWare Examples", "MiddleWare Examples\MiddleWare Examples.csproj", "{10028536-0179-43A2-A616-3B8005237711}"
EndProject
Global
	GlobalSection(SolutionConfigurationPlatforms) = preSolution
		Debug|Any CPU = Debug|Any CPU
		Release|Any CPU = Release|Any CPU
	EndGlobalSection
	GlobalSection(ProjectConfigurationPlatforms) = postSolution
		{87479EC9-1DF1-4791-83DE-80E0D6261242}.Debug|Any CPU.ActiveCfg = Debug|Any CPU
		{87479EC9-1DF1-4791-83DE-80E0D6261242}.Debug|Any CPU.Build.0 = Debug|Any CPU
		{87479EC9-1DF1-4791-83DE-80E0D6261242}.Release|Any CPU.ActiveCfg = Release|Any CPU
		{87479EC9-1DF1-4791-83DE-80E0D6261242}.Release|Any CPU.Build.0 = Release|Any CPU
		{10028536-0179-43A2-A616-3B8005237711}.Debug|Any CPU.ActiveCfg = Debug|Any CPU
		{10028536-0179-43A2-A616-3B8005237711}.Debug|Any CPU.Build.0 = Debug|Any CPU
		{10028536-0179-43A2-A616-3B8005237711}.Release|Any CPU.ActiveCfg = Release|Any CPU
		{10028536-0179-43A2-A616-3B8005237711}.Release|Any CPU.Build.0 = Release|Any CPU
	EndGlobalSection
	GlobalSection(SolutionProperties) = preSolution
		HideSolutionNode = FALSE
	EndGlobalSection
	GlobalSection(ExtensibilityGlobals) = postSolution
		SolutionGuid = {CD961B3C-5A75-4403-866B-EA204C4CB339}
	EndGlobalSection
EndGlobal
